# Authoritative source repositories used for source comparison.
# Keep exact commits here so local checkouts are reproducible.
# `sources` drives tools/fetch_reference_sources.sh and tools/reference_status.sh.
sources=pokered pokeyellow pokecrystal pokegold suicune
pokered_repo=https://github.com/pret/pokered.git
pokered_branch=master
pokered_ref=a1a22aaf84d1675bcdbaeb194592379d586d838e
pokeyellow_repo=https://github.com/pret/pokeyellow.git
pokeyellow_branch=master
pokeyellow_ref=e89ead154b9968aa50eed9328ff2b38b6c194382
pokecrystal_repo=https://github.com/pret/pokecrystal.git
pokecrystal_branch=master
pokecrystal_ref=8e8f7e20052a596371a77022f0392c285e51bbf1
pokegold_repo=https://github.com/pret/pokegold.git
pokegold_branch=master
pokegold_ref=a0dad0957ac8a9ffa67e950ee3ab6715a212ded5
suicune_repo=https://github.com/DanZC/suiCune.git
suicune_branch=main
suicune_ref=201d70028249b3297c441be195489e579bbf231a
